
Microsoft Visual Studio Solution File, Format Version 12.00
# Visual Studio Version 16
VisualStudioVersion = 16.0.29102.190
MinimumVisualStudioVersion = 10.0.40219.1
Project("{FAE04EC0-301F-11D3-BF4B-00C04F79EFBC}") = "HomeWorkJule04", "HomeWorkJule04\HomeWorkJule04.csproj", "{3BFB6B6B-21D8-48D6-A99B-26570C93744C}"
EndProject
Global
	GlobalSection(SolutionConfigurationPlatforms) = preSolution
		Debug|Any CPU = Debug|Any CPU
		Release|Any CPU = Release|Any CPU
	EndGlobalSection
	GlobalSection(ProjectConfigurationPlatforms) = postSolution
		{3BFB6B6B-21D8-48D6-A99B-26570C93744C}.Debug|Any CPU.ActiveCfg = Debug|Any CPU
		{3BFB6B6B-21D8-48D6-A99B-26570C93744C}.Debug|Any CPU.Build.0 = Debug|Any CPU
		{3BFB6B6B-21D8-48D6-A99B-26570C93744C}.Release|Any CPU.ActiveCfg = Release|Any CPU
		{3BFB6B6B-21D8-48D6-A99B-26570C93744C}.Release|Any CPU.Build.0 = Release|Any CPU
	EndGlobalSection
	GlobalSection(SolutionProperties) = preSolution
		HideSolutionNode = FALSE
	EndGlobalSection
	GlobalSection(ExtensibilityGlobals) = postSolution
		SolutionGuid = {06F98010-22DE-4B0A-8BC1-BF0D6BF5AD15}
	EndGlobalSection
EndGlobal
